
Microsoft Visual Studio Solution File, Format Version 12.00
# Visual Studio 15
VisualStudioVersion = 15.0.28307.329
MinimumVisualStudioVersion = 10.0.40219.1
Project("{FAE04EC0-301F-11D3-BF4B-00C04F79EFBC}") = "NetCoreDemo", "NetCoreDemo\NetCoreDemo.csproj", "{48A981DE-6436-4571-A7BB-8DC8185DA0D5}"
EndProject
Global
	GlobalSection(SolutionConfigurationPlatforms) = preSolution
		Debug|Any CPU = Debug|Any CPU
		Release|Any CPU = Release|Any CPU
	EndGlobalSection
	GlobalSection(ProjectConfigurationPlatforms) = postSolution
		{48A981DE-6436-4571-A7BB-8DC8185DA0D5}.Debug|Any CPU.ActiveCfg = Debug|Any CPU
		{48A981DE-6436-4571-A7BB-8DC8185DA0D5}.Debug|Any CPU.Build.0 = Debug|Any CPU
		{48A981DE-6436-4571-A7BB-8DC8185DA0D5}.Release|Any CPU.ActiveCfg = Release|Any CPU
		{48A981DE-6436-4571-A7BB-8DC8185DA0D5}.Release|Any CPU.Build.0 = Release|Any CPU
	EndGlobalSection
	GlobalSection(SolutionProperties) = preSolution
		HideSolutionNode = FALSE
	EndGlobalSection
	GlobalSection(ExtensibilityGlobals) = postSolution
		SolutionGuid = {D400C5EB-2E94-4CC1-87BD-4AE4C35F51DF}
	EndGlobalSection
EndGlobal
